PODS:
  - Alamofire (5.0.0-rc.3)
  - CardParts (2.27.0):
    - RxCocoa (~> 4.5)
    - RxDataSources (~> 3.1)
    - RxGesture (~> 2.2)
    - RxSwift (~> 4.5)
  - Differentiator (3.1.0)
  - Realm (4.3.1):
    - Realm/Headers (= 4.3.1)
  - Realm/Headers (4.3.1)
  - RealmSwift (4.3.1):
    - Realm (= 4.3.1)
  - RxCocoa (4.5.0):
    - RxSwift (>= 4.4.2, ~> 4.4)
  - RxDataSources (3.1.0):
    - Differentiator (~> 3.0)
    - RxCocoa (~> 4.0)
    - RxSwift (~> 4.0)
  - RxGesture (2.2.0):
    - RxCocoa (~> 4.5)
    - RxSwift (~> 4.5)
  - RxSwift (4.5.0)

DEPENDENCIES:
  - Alamofire (~> 5.0.0-rc.3)
  - CardParts
  - RealmSwift

SPEC REPOS:
  trunk:
    - Alamofire
    - CardParts
    - Differentiator
    - Realm
    - RealmSwift
    - RxCocoa
    - RxDataSources
    - RxGesture
    - RxSwift

SPEC CHECKSUMS:
  Alamofire: ca8c0de6906873be89d6deec5c8de279e00bf872
  CardParts: 03a200f176bb8707e1d4edc0f17b8ba53c830f6e
  Differentiator: be49ca3408f0ecfc761e4c7763d20c62be01b9ad
  Realm: 31dc40934081ef740f60feedc46d88473cbfeb40
  RealmSwift: b5199e9a41f67b99f51acf6874a6166f5fbe93d1
  RxCocoa: cbf70265dc65a981d4ac982e513c10cf23df24a0
  RxDataSources: a843bad90c29817f5923ec8163f4af2de084ceb3
  RxGesture: c1b7bf17166b0ef9d642a9510f8bac5785f18990
  RxSwift: f172070dfd1a93d70a9ab97a5a01166206e1c575

PODFILE CHECKSUM: 6850a9f8df869ec93699cf1c95963b37187450b8

COCOAPODS: 1.8.4
