// !$*UTF8*$!
{
	archiveVersion = 1;
	classes = {
	};
	objectVersion = 51;
	objects = {

/* Begin PBXBuildFile section */
		811A3D4A23E4B0B6006A33B3 /* TablaRegistrosTableViewController.swift in Sources */ = {isa = PBXBuildFile; fileRef = 811A3D4923E4B0B6006A33B3 /* TablaRegistrosTableViewController.swift */; };
		811A3D4C23E4B17D006A33B3 /* CeldaRegistroTableViewCell.swift in Sources */ = {isa = PBXBuildFile; fileRef = 811A3D4B23E4B17D006A33B3 /* CeldaRegistroTableViewCell.swift */; };
		81668A7A23D2388E0096DBAB /* AppDelegate.swift in Sources */ = {isa = PBXBuildFile; fileRef = 81668A7923D2388E0096DBAB /* AppDelegate.swift */; };
		81668A7C23D2388E0096DBAB /* SceneDelegate.swift in Sources */ = {isa = PBXBuildFile; fileRef = 81668A7B23D2388E0096DBAB /* SceneDelegate.swift */; };
		81668A7E23D2388E0096DBAB /* ViewController.swift in Sources */ = {isa = PBXBuildFile; fileRef = 81668A7D23D2388E0096DBAB /* ViewController.swift */; };
		81668A8123D2388E0096DBAB /* Main.storyboard in Resources */ = {isa = PBXBuildFile; fileRef = 81668A7F23D2388E0096DBAB /* Main.storyboard */; };
		81668A8323D238900096DBAB /* Assets.xcassets in Resources */ = {isa = PBXBuildFile; fileRef = 81668A8223D238900096DBAB /* Assets.xcassets */; };
		81668A8623D238900096DBAB /* LaunchScreen.storyboard in Resources */ = {isa = PBXBuildFile; fileRef = 81668A8423D238900096DBAB /* LaunchScreen.storyboard */; };
		81A55CBB23DA00E300C25568 /* MapaViewController.swift in Sources */ = {isa = PBXBuildFile; fileRef = 81A55CBA23DA00E300C25568 /* MapaViewController.swift */; };
		81C55E8123ECA70B00936E51 /* RegistroViewController.swift in Sources */ = {isa = PBXBuildFile; fileRef = 81C55E8023ECA70B00936E51 /* RegistroViewController.swift */; };
		81C55E8323ECA97500936E51 /* TestViewController.swift in Sources */ = {isa = PBXBuildFile; fileRef = 81C55E8223ECA97500936E51 /* TestViewController.swift */; };
		81D0426523E9C8D5006339B4 /* BBDDTestingViewController.swift in Sources */ = {isa = PBXBuildFile; fileRef = 81D0426423E9C8D5006339B4 /* BBDDTestingViewController.swift */; };
		81D0426723E9D3B5006339B4 /* NuevoUsuarioViewController.swift in Sources */ = {isa = PBXBuildFile; fileRef = 81D0426623E9D3B5006339B4 /* NuevoUsuarioViewController.swift */; };
		81D68F6D23E36095000A4956 /* Clases.swift in Sources */ = {isa = PBXBuildFile; fileRef = 81D68F6C23E36095000A4956 /* Clases.swift */; };
		DF4D0B3A0BD877CDDBEFA283 /* Pods_AppFactory.framework in Frameworks */ = {isa = PBXBuildFile; fileRef = 719CE047415376EA75965545 /* Pods_AppFactory.framework */; };
/* End PBXBuildFile section */

/* Begin PBXFileReference section */
		351EB590AE1AB5D391DC53A4 /* Pods-AppFactory.debug.xcconfig */ = {isa = PBXFileReference; includeInIndex = 1; lastKnownFileType = text.xcconfig; name = "Pods-AppFactory.debug.xcconfig"; path = "Target Support Files/Pods-AppFactory/Pods-AppFactory.debug.xcconfig"; sourceTree = "<group>"; };
		5D4290D78E620D983474AB01 /* Pods-AppFactory.release.xcconfig */ = {isa = PBXFileReference; includeInIndex = 1; lastKnownFileType = text.xcconfig; name = "Pods-AppFactory.release.xcconfig"; path = "Target Support Files/Pods-AppFactory/Pods-AppFactory.release.xcconfig"; sourceTree = "<group>"; };
		719CE047415376EA75965545 /* Pods_AppFactory.framework */ = {isa = PBXFileReference; explicitFileType = wrapper.framework; includeInIndex = 0; path = Pods_AppFactory.framework; sourceTree = BUILT_PRODUCTS_DIR; };
		811A3D4923E4B0B6006A33B3 /* TablaRegistrosTableViewController.swift */ = {isa = PBXFileReference; lastKnownFileType = sourcecode.swift; path = TablaRegistrosTableViewController.swift; sourceTree = "<group>"; };
		811A3D4B23E4B17D006A33B3 /* CeldaRegistroTableViewCell.swift */ = {isa = PBXFileReference; lastKnownFileType = sourcecode.swift; path = CeldaRegistroTableViewCell.swift; sourceTree = "<group>"; };
		81668A7623D2388E0096DBAB /* AppFactory.app */ = {isa = PBXFileReference; explicitFileType = wrapper.application; includeInIndex = 0; path = AppFactory.app; sourceTree = BUILT_PRODUCTS_DIR; };
		81668A7923D2388E0096DBAB /* AppDelegate.swift */ = {isa = PBXFileReference; lastKnownFileType = sourcecode.swift; path = AppDelegate.swift; sourceTree = "<group>"; };
		81668A7B23D2388E0096DBAB /* SceneDelegate.swift */ = {isa = PBXFileReference; lastKnownFileType = sourcecode.swift; path = SceneDelegate.swift; sourceTree = "<group>"; };
		81668A7D23D2388E0096DBAB /* ViewController.swift */ = {isa = PBXFileReference; lastKnownFileType = sourcecode.swift; path = ViewController.swift; sourceTree = "<group>"; };
		81668A8023D2388E0096DBAB /* Base */ = {isa = PBXFileReference; lastKnownFileType = file.storyboard; name = Base; path = Base.lproj/Main.storyboard; sourceTree = "<group>"; };
		81668A8223D238900096DBAB /* Assets.xcassets */ = {isa = PBXFileReference; lastKnownFileType = folder.assetcatalog; path = Assets.xcassets; sourceTree = "<group>"; };
		81668A8523D238900096DBAB /* Base */ = {isa = PBXFileReference; lastKnownFileType = file.storyboard; name = Base; path = Base.lproj/LaunchScreen.storyboard; sourceTree = "<group>"; };
		81668A8723D238900096DBAB /* Info.plist */ = {isa = PBXFileReference; lastKnownFileType = text.plist.xml; path = Info.plist; sourceTree = "<group>"; };
		81A55CBA23DA00E300C25568 /* MapaViewController.swift */ = {isa = PBXFileReference; lastKnownFileType = sourcecode.swift; path = MapaViewController.swift; sourceTree = "<group>"; };
		81C55E8023ECA70B00936E51 /* RegistroViewController.swift */ = {isa = PBXFileReference; lastKnownFileType = sourcecode.swift; path = RegistroViewController.swift; sourceTree = "<group>"; };
		81C55E8223ECA97500936E51 /* TestViewController.swift */ = {isa = PBXFileReference; lastKnownFileType = sourcecode.swift; path = TestViewController.swift; sourceTree = "<group>"; };
		81D0426423E9C8D5006339B4 /* BBDDTestingViewController.swift */ = {isa = PBXFileReference; lastKnownFileType = sourcecode.swift; path = BBDDTestingViewController.swift; sourceTree = "<group>"; };
		81D0426623E9D3B5006339B4 /* NuevoUsuarioViewController.swift */ = {isa = PBXFileReference; lastKnownFileType = sourcecode.swift; path = NuevoUsuarioViewController.swift; sourceTree = "<group>"; };
		81D68F6C23E36095000A4956 /* Clases.swift */ = {isa = PBXFileReference; lastKnownFileType = sourcecode.swift; path = Clases.swift; sourceTree = "<group>"; };
/* End PBXFileReference section */

/* Begin PBXFrameworksBuildPhase section */
		81668A7323D2388E0096DBAB /* Frameworks */ = {
			isa = PBXFrameworksBuildPhase;
			buildActionMask = 2147483647;
			files = (
				DF4D0B3A0BD877CDDBEFA283 /* Pods_AppFactory.framework in Frameworks */,
			);
			runOnlyForDeploymentPostprocessing = 0;
		};
/* End PBXFrameworksBuildPhase section */

/* Begin PBXGroup section */
		81668A6D23D2388E0096DBAB = {
			isa = PBXGroup;
			children = (
				81668A7823D2388E0096DBAB /* AppFactory */,
				81668A7723D2388E0096DBAB /* Products */,
				A89EC8AC5F8B186D664C10B2 /* Pods */,
				92DDEA7418165EB3BE11AC75 /* Frameworks */,
			);
			sourceTree = "<group>";
		};
		81668A7723D2388E0096DBAB /* Products */ = {
			isa = PBXGroup;
			children = (
				81668A7623D2388E0096DBAB /* AppFactory.app */,
			);
			name = Products;
			sourceTree = "<group>";
		};
		81668A7823D2388E0096DBAB /* AppFactory */ = {
			isa = PBXGroup;
			children = (
				81F4E4FA23E4AA9F00504236 /* RutasGPX */,
				81668A7923D2388E0096DBAB /* AppDelegate.swift */,
				81668A7B23D2388E0096DBAB /* SceneDelegate.swift */,
				81668A8423D238900096DBAB /* LaunchScreen.storyboard */,
				81668A8223D238900096DBAB /* Assets.xcassets */,
				81668A8723D238900096DBAB /* Info.plist */,
				81668A7F23D2388E0096DBAB /* Main.storyboard */,
				81668A7D23D2388E0096DBAB /* ViewController.swift */,
				81D68F6C23E36095000A4956 /* Clases.swift */,
				81A55CBA23DA00E300C25568 /* MapaViewController.swift */,
				811A3D4923E4B0B6006A33B3 /* TablaRegistrosTableViewController.swift */,
				811A3D4B23E4B17D006A33B3 /* CeldaRegistroTableViewCell.swift */,
				81D0426423E9C8D5006339B4 /* BBDDTestingViewController.swift */,
				81D0426623E9D3B5006339B4 /* NuevoUsuarioViewController.swift */,
				81C55E8023ECA70B00936E51 /* RegistroViewController.swift */,
				81C55E8223ECA97500936E51 /* TestViewController.swift */,
			);
			path = AppFactory;
			sourceTree = "<group>";
		};
		81F4E4FA23E4AA9F00504236 /* RutasGPX */ = {
			isa = PBXGroup;
			children = (
			);
			path = RutasGPX;
			sourceTree = "<group>";
		};
		92DDEA7418165EB3BE11AC75 /* Frameworks */ = {
			isa = PBXGroup;
			children = (
				719CE047415376EA75965545 /* Pods_AppFactory.framework */,
			);
			name = Frameworks;
			sourceTree = "<group>";
		};
		A89EC8AC5F8B186D664C10B2 /* Pods */ = {
			isa = PBXGroup;
			children = (
				351EB590AE1AB5D391DC53A4 /* Pods-AppFactory.debug.xcconfig */,
				5D4290D78E620D983474AB01 /* Pods-AppFactory.release.xcconfig */,
			);
			path = Pods;
			sourceTree = "<group>";
		};
/* End PBXGroup section */

/* Begin PBXNativeTarget section */
		81668A7523D2388E0096DBAB /* AppFactory */ = {
			isa = PBXNativeTarget;
			buildConfigurationList = 81668A8A23D238900096DBAB /* Build configuration list for PBXNativeTarget "AppFactory" */;
			buildPhases = (
				69C2B1C893B9B516E345B6C9 /* [CP] Check Pods Manifest.lock */,
				81668A7223D2388E0096DBAB /* Sources */,
				81668A7323D2388E0096DBAB /* Frameworks */,
				81668A7423D2388E0096DBAB /* Resources */,
				909ED58C195C2060030DDB4D /* [CP] Embed Pods Frameworks */,
			);
			buildRules = (
			);
			dependencies = (
			);
			name = AppFactory;
			productName = AppFactory;
			productReference = 81668A7623D2388E0096DBAB /* AppFactory.app */;
			productType = "com.apple.product-type.application";
		};
/* End PBXNativeTarget section */

/* Begin PBXProject section */
		81668A6E23D2388E0096DBAB /* Project object */ = {
			isa = PBXProject;
			attributes = {
				LastSwiftUpdateCheck = 1130;
				LastUpgradeCheck = 1130;
				ORGANIZATIONNAME = "Daniel Tamargo Saiz";
				TargetAttributes = {
					81668A7523D2388E0096DBAB = {
						CreatedOnToolsVersion = 11.3;
					};
				};
			};
			buildConfigurationList = 81668A7123D2388E0096DBAB /* Build configuration list for PBXProject "AppFactory" */;
			compatibilityVersion = "Xcode 9.3";
			developmentRegion = en;
			hasScannedForEncodings = 0;
			knownRegions = (
				en,
				Base,
			);
			mainGroup = 81668A6D23D2388E0096DBAB;
			productRefGroup = 81668A7723D2388E0096DBAB /* Products */;
			projectDirPath = "";
			projectRoot = "";
			targets = (
				81668A7523D2388E0096DBAB /* AppFactory */,
			);
		};
/* End PBXProject section */

/* Begin PBXResourcesBuildPhase section */
		81668A7423D2388E0096DBAB /* Resources */ = {
			isa = PBXResourcesBuildPhase;
			buildActionMask = 2147483647;
			files = (
				81668A8623D238900096DBAB /* LaunchScreen.storyboard in Resources */,
				81668A8323D238900096DBAB /* Assets.xcassets in Resources */,
				81668A8123D2388E0096DBAB /* Main.storyboard in Resources */,
			);
			runOnlyForDeploymentPostprocessing = 0;
		};
/* End PBXResourcesBuildPhase section */

/* Begin PBXShellScriptBuildPhase section */
		69C2B1C893B9B516E345B6C9 /* [CP] Check Pods Manifest.lock */ = {
			isa = PBXShellScriptBuildPhase;
			buildActionMask = 2147483647;
			files = (
			);
			inputFileListPaths = (
			);
			inputPaths = (
				"${PODS_PODFILE_DIR_PATH}/Podfile.lock",
				"${PODS_ROOT}/Manifest.lock",
			);
			name = "[CP] Check Pods Manifest.lock";
			outputFileListPaths = (
			);
			outputPaths = (
				"$(DERIVED_FILE_DIR)/Pods-AppFactory-checkManifestLockResult.txt",
			);
			runOnlyForDeploymentPostprocessing = 0;
			shellPath = /bin/sh;
			shellScript = "diff \"${PODS_PODFILE_DIR_PATH}/Podfile.lock\" \"${PODS_ROOT}/Manifest.lock\" > /dev/null\nif [ $? != 0 ] ; then\n    # print error to STDERR\n    echo \"error: The sandbox is not in sync with the Podfile.lock. Run 'pod install' or update your CocoaPods installation.\" >&2\n    exit 1\nfi\n# This output is used by Xcode 'outputs' to avoid re-running this script phase.\necho \"SUCCESS\" > \"${SCRIPT_OUTPUT_FILE_0}\"\n";
			showEnvVarsInLog = 0;
		};
		909ED58C195C2060030DDB4D /* [CP] Embed Pods Frameworks */ = {
			isa = PBXShellScriptBuildPhase;
			buildActionMask = 2147483647;
			files = (
			);
			inputFileListPaths = (
				"${PODS_ROOT}/Target Support Files/Pods-AppFactory/Pods-AppFactory-frameworks-${CONFIGURATION}-input-files.xcfilelist",
			);
			name = "[CP] Embed Pods Frameworks";
			outputFileListPaths = (
				"${PODS_ROOT}/Target Support Files/Pods-AppFactory/Pods-AppFactory-frameworks-${CONFIGURATION}-output-files.xcfilelist",
			);
			runOnlyForDeploymentPostprocessing = 0;
			shellPath = /bin/sh;
			shellScript = "\"${PODS_ROOT}/Target Support Files/Pods-AppFactory/Pods-AppFactory-frameworks.sh\"\n";
			showEnvVarsInLog = 0;
		};
/* End PBXShellScriptBuildPhase section */

/* Begin PBXSourcesBuildPhase section */
		81668A7223D2388E0096DBAB /* Sources */ = {
			isa = PBXSourcesBuildPhase;
			buildActionMask = 2147483647;
			files = (
				81668A7E23D2388E0096DBAB /* ViewController.swift in Sources */,
				81A55CBB23DA00E300C25568 /* MapaViewController.swift in Sources */,
				81C55E8323ECA97500936E51 /* TestViewController.swift in Sources */,
				811A3D4C23E4B17D006A33B3 /* CeldaRegistroTableViewCell.swift in Sources */,
				81C55E8123ECA70B00936E51 /* RegistroViewController.swift in Sources */,
				81D0426523E9C8D5006339B4 /* BBDDTestingViewController.swift in Sources */,
				81D68F6D23E36095000A4956 /* Clases.swift in Sources */,
				81D0426723E9D3B5006339B4 /* NuevoUsuarioViewController.swift in Sources */,
				81668A7A23D2388E0096DBAB /* AppDelegate.swift in Sources */,
				81668A7C23D2388E0096DBAB /* SceneDelegate.swift in Sources */,
				811A3D4A23E4B0B6006A33B3 /* TablaRegistrosTableViewController.swift in Sources */,
			);
			runOnlyForDeploymentPostprocessing = 0;
		};
/* End PBXSourcesBuildPhase section */

/* Begin PBXVariantGroup section */
		81668A7F23D2388E0096DBAB /* Main.storyboard */ = {
			isa = PBXVariantGroup;
			children = (
				81668A8023D2388E0096DBAB /* Base */,
			);
			name = Main.storyboard;
			sourceTree = "<group>";
		};
		81668A8423D238900096DBAB /* LaunchScreen.storyboard */ = {
			isa = PBXVariantGroup;
			children = (
				81668A8523D238900096DBAB /* Base */,
			);
			name = LaunchScreen.storyboard;
			sourceTree = "<group>";
		};
/* End PBXVariantGroup section */

/* Begin XCBuildConfiguration section */
		81668A8823D238900096DBAB /* Debug */ = {
			isa = XCBuildConfiguration;
			buildSettings = {
				ALWAYS_SEARCH_USER_PATHS = NO;
				CLANG_ANALYZER_NONNULL = YES;
				CLANG_ANALYZER_NUMBER_OBJECT_CONVERSION = YES_AGGRESSIVE;
				CLANG_CXX_LANGUAGE_STANDARD = "gnu++14";
				CLANG_CXX_LIBRARY = "libc++";
				CLANG_ENABLE_MODULES = YES;
				CLANG_ENABLE_OBJC_ARC = YES;
				CLANG_ENABLE_OBJC_WEAK = YES;
				CLANG_WARN_BLOCK_CAPTURE_AUTORELEASING = YES;
				CLANG_WARN_BOOL_CONVERSION = YES;
				CLANG_WARN_COMMA = YES;
				CLANG_WARN_CONSTANT_CONVERSION = YES;
				CLANG_WARN_DEPRECATED_OBJC_IMPLEMENTATIONS = YES;
				CLANG_WARN_DIRECT_OBJC_ISA_USAGE = YES_ERROR;
				CLANG_WARN_DOCUMENTATION_COMMENTS = YES;
				CLANG_WARN_EMPTY_BODY = YES;
				CLANG_WARN_ENUM_CONVERSION = YES;
				CLANG_WARN_INFINITE_RECURSION = YES;
				CLANG_WARN_INT_CONVERSION = YES;
				CLANG_WARN_NON_LITERAL_NULL_CONVERSION = YES;
				CLANG_WARN_OBJC_IMPLICIT_RETAIN_SELF = YES;
				CLANG_WARN_OBJC_LITERAL_CONVERSION = YES;
				CLANG_WARN_OBJC_ROOT_CLASS = YES_ERROR;
				CLANG_WARN_RANGE_LOOP_ANALYSIS = YES;
				CLANG_WARN_STRICT_PROTOTYPES = YES;
				CLANG_WARN_SUSPICIOUS_MOVE = YES;
				CLANG_WARN_UNGUARDED_AVAILABILITY = YES_AGGRESSIVE;
				CLANG_WARN_UNREACHABLE_CODE = YES;
				CLANG_WARN__DUPLICATE_METHOD_MATCH = YES;
				COPY_PHASE_STRIP = NO;
				DEBUG_INFORMATION_FORMAT = dwarf;
				ENABLE_STRICT_OBJC_MSGSEND = YES;
				ENABLE_TESTABILITY = YES;
				GCC_C_LANGUAGE_STANDARD = gnu11;
				GCC_DYNAMIC_NO_PIC = NO;
				GCC_NO_COMMON_BLOCKS = YES;
				GCC_OPTIMIZATION_LEVEL = 0;
				GCC_PREPROCESSOR_DEFINITIONS = (
					"DEBUG=1",
					"$(inherited)",
				);
				GCC_WARN_64_TO_32_BIT_CONVERSION = YES;
				GCC_WARN_ABOUT_RETURN_TYPE = YES_ERROR;
				GCC_WARN_UNDECLARED_SELECTOR = YES;
				GCC_WARN_UNINITIALIZED_AUTOS = YES_AGGRESSIVE;
				GCC_WARN_UNUSED_FUNCTION = YES;
				GCC_WARN_UNUSED_VARIABLE = YES;
				IPHONEOS_DEPLOYMENT_TARGET = 13.2;
				MTL_ENABLE_DEBUG_INFO = INCLUDE_SOURCE;
				MTL_FAST_MATH = YES;
				ONLY_ACTIVE_ARCH = YES;
				SDKROOT = iphoneos;
				SWIFT_ACTIVE_COMPILATION_CONDITIONS = DEBUG;
				SWIFT_OPTIMIZATION_LEVEL = "-Onone";
			};
			name = Debug;
		};
		81668A8923D238900096DBAB /* Release */ = {
			isa = XCBuildConfiguration;
			buildSettings = {
				ALWAYS_SEARCH_USER_PATHS = NO;
				CLANG_ANALYZER_NONNULL = YES;
				CLANG_ANALYZER_NUMBER_OBJECT_CONVERSION = YES_AGGRESSIVE;
				CLANG_CXX_LANGUAGE_STANDARD = "gnu++14";
				CLANG_CXX_LIBRARY = "libc++";
				CLANG_ENABLE_MODULES = YES;
				CLANG_ENABLE_OBJC_ARC = YES;
				CLANG_ENABLE_OBJC_WEAK = YES;
				CLANG_WARN_BLOCK_CAPTURE_AUTORELEASING = YES;
				CLANG_WARN_BOOL_CONVERSION = YES;
				CLANG_WARN_COMMA = YES;
				CLANG_WARN_CONSTANT_CONVERSION = YES;
				CLANG_WARN_DEPRECATED_OBJC_IMPLEMENTATIONS = YES;
				CLANG_WARN_DIRECT_OBJC_ISA_USAGE = YES_ERROR;
				CLANG_WARN_DOCUMENTATION_COMMENTS = YES;
				CLANG_WARN_EMPTY_BODY = YES;
				CLANG_WARN_ENUM_CONVERSION = YES;
				CLANG_WARN_INFINITE_RECURSION = YES;
				CLANG_WARN_INT_CONVERSION = YES;
				CLANG_WARN_NON_LITERAL_NULL_CONVERSION = YES;
				CLANG_WARN_OBJC_IMPLICIT_RETAIN_SELF = YES;
				CLANG_WARN_OBJC_LITERAL_CONVERSION = YES;
				CLANG_WARN_OBJC_ROOT_CLASS = YES_ERROR;
				CLANG_WARN_RANGE_LOOP_ANALYSIS = YES;
				CLANG_WARN_STRICT_PROTOTYPES = YES;
				CLANG_WARN_SUSPICIOUS_MOVE = YES;
				CLANG_WARN_UNGUARDED_AVAILABILITY = YES_AGGRESSIVE;
				CLANG_WARN_UNREACHABLE_CODE = YES;
				CLANG_WARN__DUPLICATE_METHOD_MATCH = YES;
				COPY_PHASE_STRIP = NO;
				DEBUG_INFORMATION_FORMAT = "dwarf-with-dsym";
				ENABLE_NS_ASSERTIONS = NO;
				ENABLE_STRICT_OBJC_MSGSEND = YES;
				GCC_C_LANGUAGE_STANDARD = gnu11;
				GCC_NO_COMMON_BLOCKS = YES;
				GCC_WARN_64_TO_32_BIT_CONVERSION = YES;
				GCC_WARN_ABOUT_RETURN_TYPE = YES_ERROR;
				GCC_WARN_UNDECLARED_SELECTOR = YES;
				GCC_WARN_UNINITIALIZED_AUTOS = YES_AGGRESSIVE;
				GCC_WARN_UNUSED_FUNCTION = YES;
				GCC_WARN_UNUSED_VARIABLE = YES;
				IPHONEOS_DEPLOYMENT_TARGET = 13.2;
				MTL_ENABLE_DEBUG_INFO = NO;
				MTL_FAST_MATH = YES;
				SDKROOT = iphoneos;
				SWIFT_COMPILATION_MODE = wholemodule;
				SWIFT_OPTIMIZATION_LEVEL = "-O";
				VALIDATE_PRODUCT = YES;
			};
			name = Release;
		};
		81668A8B23D238900096DBAB /* Debug */ = {
			isa = XCBuildConfiguration;
			baseConfigurationReference = 351EB590AE1AB5D391DC53A4 /* Pods-AppFactory.debug.xcconfig */;
			buildSettings = {
				ASSETCATALOG_COMPILER_APPICON_NAME = AppIcon;
				CODE_SIGN_STYLE = Automatic;
				INFOPLIST_FILE = AppFactory/Info.plist;
				LD_RUNPATH_SEARCH_PATHS = (
					"$(inherited)",
					"@executable_path/Frameworks",
				);
				PRODUCT_BUNDLE_IDENTIFIER = com.tamargo.AppFactory;
				PRODUCT_NAME = "$(TARGET_NAME)";
				SWIFT_VERSION = 5.0;
				TARGETED_DEVICE_FAMILY = "1,2";
			};
			name = Debug;
		};
		81668A8C23D238900096DBAB /* Release */ = {
			isa = XCBuildConfiguration;
			baseConfigurationReference = 5D4290D78E620D983474AB01 /* Pods-AppFactory.release.xcconfig */;
			buildSettings = {
				ASSETCATALOG_COMPILER_APPICON_NAME = AppIcon;
				CODE_SIGN_STYLE = Automatic;
				INFOPLIST_FILE = AppFactory/Info.plist;
				LD_RUNPATH_SEARCH_PATHS = (
					"$(inherited)",
					"@executable_path/Frameworks",
				);
				PRODUCT_BUNDLE_IDENTIFIER = com.tamargo.AppFactory;
				PRODUCT_NAME = "$(TARGET_NAME)";
				SWIFT_VERSION = 5.0;
				TARGETED_DEVICE_FAMILY = "1,2";
			};
			name = Release;
		};
/* End XCBuildConfiguration section */

/* Begin XCConfigurationList section */
		81668A7123D2388E0096DBAB /* Build configuration list for PBXProject "AppFactory" */ = {
			isa = XCConfigurationList;
			buildConfigurations = (
				81668A8823D238900096DBAB /* Debug */,
				81668A8923D238900096DBAB /* Release */,
			);
			defaultConfigurationIsVisible = 0;
			defaultConfigurationName = Release;
		};
		81668A8A23D238900096DBAB /* Build configuration list for PBXNativeTarget "AppFactory" */ = {
			isa = XCConfigurationList;
			buildConfigurations = (
				81668A8B23D238900096DBAB /* Debug */,
				81668A8C23D238900096DBAB /* Release */,
			);
			defaultConfigurationIsVisible = 0;
			defaultConfigurationName = Release;
		};
/* End XCConfigurationList section */
	};
	rootObject = 81668A6E23D2388E0096DBAB /* Project object */;
}
